{
  "name": "visual-problem-reporting-service",
  "version": "1.0.0",
  "lockfileVersion": 3,
  "requires": true,
  "packages": {
    "": {
      "name": "visual-problem-reporting-service",
      "version": "1.0.0",
      "license": "ISC",
      "dependencies": {
        "konva": "^9.3.12"
      }
    },
    "node_modules/konva": {
      "version": "9.3.12",
      "resolved": "https://registry.npmjs.org/konva/-/konva-9.3.12.tgz",
      "integrity": "sha512-IxX+ka+gVGm63APkB/taepMxpbUdjfLBUA1OIqx7nbH3126Df6eAuVWasH3qh3vg4ctRseops031sZO0b2O33A==",
      "funding": [
        {
          "type": "patreon",
          "url": "https://www.patreon.com/lavrton"
        },
        {
          "type": "opencollective",
          "url": "https://opencollective.com/konva"
        },
        {
          "type": "github",
          "url": "https://github.com/sponsors/lavrton"
        }
      ],
      "license": "MIT"
    }
  }
}
